
Microsoft Visual Studio Solution File, Format Version 12.00
# Visual Studio 15
VisualStudioVersion = 15.0.27004.2009
MinimumVisualStudioVersion = 10.0.40219.1
Project("{FAE04EC0-301F-11D3-BF4B-00C04F79EFBC}") = "shopingPro", "shopingPro\shopingPro.csproj", "{12CBBDDD-287D-4EB7-A4C2-F96D3ACA7FDF}"
EndProject
Project("{FAE04EC0-301F-11D3-BF4B-00C04F79EFBC}") = "DB", "DB\DB.csproj", "{837F3B35-13FD-4829-A7B8-4017261C8509}"
EndProject
Global
	GlobalSection(SolutionConfigurationPlatforms) = preSolution
		Debug|Any CPU = Debug|Any CPU
		Release|Any CPU = Release|Any CPU
	EndGlobalSection
	GlobalSection(ProjectConfigurationPlatforms) = postSolution
		{12CBBDDD-287D-4EB7-A4C2-F96D3ACA7FDF}.Debug|Any CPU.ActiveCfg = Debug|Any CPU
		{12CBBDDD-287D-4EB7-A4C2-F96D3ACA7FDF}.Debug|Any CPU.Build.0 = Debug|Any CPU
		{12CBBDDD-287D-4EB7-A4C2-F96D3ACA7FDF}.Release|Any CPU.ActiveCfg = Release|Any CPU
		{12CBBDDD-287D-4EB7-A4C2-F96D3ACA7FDF}.Release|Any CPU.Build.0 = Release|Any CPU
		{837F3B35-13FD-4829-A7B8-4017261C8509}.Debug|Any CPU.ActiveCfg = Debug|Any CPU
		{837F3B35-13FD-4829-A7B8-4017261C8509}.Debug|Any CPU.Build.0 = Debug|Any CPU
		{837F3B35-13FD-4829-A7B8-4017261C8509}.Release|Any CPU.ActiveCfg = Release|Any CPU
		{837F3B35-13FD-4829-A7B8-4017261C8509}.Release|Any CPU.Build.0 = Release|Any CPU
	EndGlobalSection
	GlobalSection(SolutionProperties) = preSolution
		HideSolutionNode = FALSE
	EndGlobalSection
	GlobalSection(ExtensibilityGlobals) = postSolution
		SolutionGuid = {AD410757-E953-4C3C-82F4-DE69FDBFFC39}
	EndGlobalSection
EndGlobal
